// !$*UTF8*$!
{
	archiveVersion = 1;
	classes = {
	};
	objectVersion = 55;
	objects = {

/* Begin PBXBuildFile section */
		5EE59CF927CA9DFE0069F020 /* Questions.swift in Sources */ = {isa = PBXBuildFile; fileRef = 5EE59CF827CA9DFE0069F020 /* Questions.swift */; };
		5EE75EF227CA657F0061B3F4 /* AppDelegate.swift in Sources */ = {isa = PBXBuildFile; fileRef = 5EE75EF127CA657F0061B3F4 /* AppDelegate.swift */; };
		5EE75EF427CA657F0061B3F4 /* SceneDelegate.swift in Sources */ = {isa = PBXBuildFile; fileRef = 5EE75EF327CA657F0061B3F4 /* SceneDelegate.swift */; };
		5EE75EF627CA657F0061B3F4 /* NormalViewController.swift in Sources */ = {isa = PBXBuildFile; fileRef = 5EE75EF527CA657F0061B3F4 /* NormalViewController.swift */; };
		5EE75EF927CA657F0061B3F4 /* Main.storyboard in Resources */ = {isa = PBXBuildFile; fileRef = 5EE75EF727CA657F0061B3F4 /* Main.storyboard */; };
		5EE75EFB27CA65820061B3F4 /* Assets.xcassets in Resources */ = {isa = PBXBuildFile; fileRef = 5EE75EFA27CA65820061B3F4 /* Assets.xcassets */; };
		5EE75EFE27CA65820061B3F4 /* LaunchScreen.storyboard in Resources */ = {isa = PBXBuildFile; fileRef = 5EE75EFC27CA65820061B3F4 /* LaunchScreen.storyboard */; };
		5EE75F0627CA6D270061B3F4 /* QuestionsViewController.swift in Sources */ = {isa = PBXBuildFile; fileRef = 5EE75F0527CA6D270061B3F4 /* QuestionsViewController.swift */; };
		5EE75F0827CA6D360061B3F4 /* ResultsViewController.swift in Sources */ = {isa = PBXBuildFile; fileRef = 5EE75F0727CA6D360061B3F4 /* ResultsViewController.swift */; };
/* End PBXBuildFile section */

/* Begin PBXFileReference section */
		5EE59CF827CA9DFE0069F020 /* Questions.swift */ = {isa = PBXFileReference; lastKnownFileType = sourcecode.swift; path = Questions.swift; sourceTree = "<group>"; };
		5EE75EEE27CA657F0061B3F4 /* Type of-Person.app */ = {isa = PBXFileReference; explicitFileType = wrapper.application; includeInIndex = 0; path = "Type of-Person.app"; sourceTree = BUILT_PRODUCTS_DIR; };
		5EE75EF127CA657F0061B3F4 /* AppDelegate.swift */ = {isa = PBXFileReference; lastKnownFileType = sourcecode.swift; path = AppDelegate.swift; sourceTree = "<group>"; };
		5EE75EF327CA657F0061B3F4 /* SceneDelegate.swift */ = {isa = PBXFileReference; lastKnownFileType = sourcecode.swift; path = SceneDelegate.swift; sourceTree = "<group>"; };
		5EE75EF527CA657F0061B3F4 /* NormalViewController.swift */ = {isa = PBXFileReference; lastKnownFileType = sourcecode.swift; path = NormalViewController.swift; sourceTree = "<group>"; };
		5EE75EF827CA657F0061B3F4 /* Base */ = {isa = PBXFileReference; lastKnownFileType = file.storyboard; name = Base; path = Base.lproj/Main.storyboard; sourceTree = "<group>"; };
		5EE75EFA27CA65820061B3F4 /* Assets.xcassets */ = {isa = PBXFileReference; lastKnownFileType = folder.assetcatalog; path = Assets.xcassets; sourceTree = "<group>"; };
		5EE75EFD27CA65820061B3F4 /* Base */ = {isa = PBXFileReference; lastKnownFileType = file.storyboard; name = Base; path = Base.lproj/LaunchScreen.storyboard; sourceTree = "<group>"; };
		5EE75EFF27CA65820061B3F4 /* Info.plist */ = {isa = PBXFileReference; lastKnownFileType = text.plist.xml; path = Info.plist; sourceTree = "<group>"; };
		5EE75F0527CA6D270061B3F4 /* QuestionsViewController.swift */ = {isa = PBXFileReference; lastKnownFileType = sourcecode.swift; path = QuestionsViewController.swift; sourceTree = "<group>"; };
		5EE75F0727CA6D360061B3F4 /* ResultsViewController.swift */ = {isa = PBXFileReference; lastKnownFileType = sourcecode.swift; path = ResultsViewController.swift; sourceTree = "<group>"; };
/* End PBXFileReference section */

/* Begin PBXFrameworksBuildPhase section */
		5EE75EEB27CA657F0061B3F4 /* Frameworks */ = {
			isa = PBXFrameworksBuildPhase;
			buildActionMask = 2147483647;
			files = (
			);
			runOnlyForDeploymentPostprocessing = 0;
		};
/* End PBXFrameworksBuildPhase section */

/* Begin PBXGroup section */
		5EE75EE527CA657E0061B3F4 = {
			isa = PBXGroup;
			children = (
				5EE75EF027CA657F0061B3F4 /* Type of-Person */,
				5EE75EEF27CA657F0061B3F4 /* Products */,
			);
			sourceTree = "<group>";
		};
		5EE75EEF27CA657F0061B3F4 /* Products */ = {
			isa = PBXGroup;
			children = (
				5EE75EEE27CA657F0061B3F4 /* Type of-Person.app */,
			);
			name = Products;
			sourceTree = "<group>";
		};
		5EE75EF027CA657F0061B3F4 /* Type of-Person */ = {
			isa = PBXGroup;
			children = (
				5EE75EF127CA657F0061B3F4 /* AppDelegate.swift */,
				5EE75EF327CA657F0061B3F4 /* SceneDelegate.swift */,
				5EE75EF527CA657F0061B3F4 /* NormalViewController.swift */,
				5EE75EF727CA657F0061B3F4 /* Main.storyboard */,
				5EE59CF827CA9DFE0069F020 /* Questions.swift */,
				5EE75F0527CA6D270061B3F4 /* QuestionsViewController.swift */,
				5EE75F0727CA6D360061B3F4 /* ResultsViewController.swift */,
				5EE75EFA27CA65820061B3F4 /* Assets.xcassets */,
				5EE75EFC27CA65820061B3F4 /* LaunchScreen.storyboard */,
				5EE75EFF27CA65820061B3F4 /* Info.plist */,
			);
			path = "Type of-Person";
			sourceTree = "<group>";
		};
/* End PBXGroup section */

/* Begin PBXNativeTarget section */
		5EE75EED27CA657F0061B3F4 /* Type of-Person */ = {
			isa = PBXNativeTarget;
			buildConfigurationList = 5EE75F0227CA65820061B3F4 /* Build configuration list for PBXNativeTarget "Type of-Person" */;
			buildPhases = (
				5EE75EEA27CA657F0061B3F4 /* Sources */,
				5EE75EEB27CA657F0061B3F4 /* Frameworks */,
				5EE75EEC27CA657F0061B3F4 /* Resources */,
			);
			buildRules = (
			);
			dependencies = (
			);
			name = "Type of-Person";
			productName = "Type of-Person";
			productReference = 5EE75EEE27CA657F0061B3F4 /* Type of-Person.app */;
			productType = "com.apple.product-type.application";
		};
/* End PBXNativeTarget section */

/* Begin PBXProject section */
		5EE75EE627CA657E0061B3F4 /* Project object */ = {
			isa = PBXProject;
			attributes = {
				BuildIndependentTargetsInParallel = 1;
				LastSwiftUpdateCheck = 1320;
				LastUpgradeCheck = 1320;
				TargetAttributes = {
					5EE75EED27CA657F0061B3F4 = {
						CreatedOnToolsVersion = 13.2.1;
					};
				};
			};
			buildConfigurationList = 5EE75EE927CA657E0061B3F4 /* Build configuration list for PBXProject "Type of-Person" */;
			compatibilityVersion = "Xcode 13.0";
			developmentRegion = en;
			hasScannedForEncodings = 0;
			knownRegions = (
				en,
				Base,
			);
			mainGroup = 5EE75EE527CA657E0061B3F4;
			productRefGroup = 5EE75EEF27CA657F0061B3F4 /* Products */;
			projectDirPath = "";
			projectRoot = "";
			targets = (
				5EE75EED27CA657F0061B3F4 /* Type of-Person */,
			);
		};
/* End PBXProject section */

/* Begin PBXResourcesBuildPhase section */
		5EE75EEC27CA657F0061B3F4 /* Resources */ = {
			isa = PBXResourcesBuildPhase;
			buildActionMask = 2147483647;
			files = (
				5EE75EFE27CA65820061B3F4 /* LaunchScreen.storyboard in Resources */,
				5EE75EFB27CA65820061B3F4 /* Assets.xcassets in Resources */,
				5EE75EF927CA657F0061B3F4 /* Main.storyboard in Resources */,
			);
			runOnlyForDeploymentPostprocessing = 0;
		};
/* End PBXResourcesBuildPhase section */

/* Begin PBXSourcesBuildPhase section */
		5EE75EEA27CA657F0061B3F4 /* Sources */ = {
			isa = PBXSourcesBuildPhase;
			buildActionMask = 2147483647;
			files = (
				5EE75EF627CA657F0061B3F4 /* NormalViewController.swift in Sources */,
				5EE75EF227CA657F0061B3F4 /* AppDelegate.swift in Sources */,
				5EE75F0627CA6D270061B3F4 /* QuestionsViewController.swift in Sources */,
				5EE59CF927CA9DFE0069F020 /* Questions.swift in Sources */,
				5EE75F0827CA6D360061B3F4 /* ResultsViewController.swift in Sources */,
				5EE75EF427CA657F0061B3F4 /* SceneDelegate.swift in Sources */,
			);
			runOnlyForDeploymentPostprocessing = 0;
		};
/* End PBXSourcesBuildPhase section */

/* Begin PBXVariantGroup section */
		5EE75EF727CA657F0061B3F4 /* Main.storyboard */ = {
			isa = PBXVariantGroup;
			children = (
				5EE75EF827CA657F0061B3F4 /* Base */,
			);
			name = Main.storyboard;
			sourceTree = "<group>";
		};
		5EE75EFC27CA65820061B3F4 /* LaunchScreen.storyboard */ = {
			isa = PBXVariantGroup;
			children = (
				5EE75EFD27CA65820061B3F4 /* Base */,
			);
			name = LaunchScreen.storyboard;
			sourceTree = "<group>";
		};
/* End PBXVariantGroup section */

/* Begin XCBuildConfiguration section */
		5EE75F0027CA65820061B3F4 /* Debug */ = {
			isa = XCBuildConfiguration;
			buildSettings = {
				ALWAYS_SEARCH_USER_PATHS = NO;
				CLANG_ANALYZER_NONNULL = YES;
				CLANG_ANALYZER_NUMBER_OBJECT_CONVERSION = YES_AGGRESSIVE;
				CLANG_CXX_LANGUAGE_STANDARD = "gnu++17";
				CLANG_CXX_LIBRARY = "libc++";
				CLANG_ENABLE_MODULES = YES;
				CLANG_ENABLE_OBJC_ARC = YES;
				CLANG_ENABLE_OBJC_WEAK = YES;
				CLANG_WARN_BLOCK_CAPTURE_AUTORELEASING = YES;
				CLANG_WARN_BOOL_CONVERSION = YES;
				CLANG_WARN_COMMA = YES;
				CLANG_WARN_CONSTANT_CONVERSION = YES;
				CLANG_WARN_DEPRECATED_OBJC_IMPLEMENTATIONS = YES;
				CLANG_WARN_DIRECT_OBJC_ISA_USAGE = YES_ERROR;
				CLANG_WARN_DOCUMENTATION_COMMENTS = YES;
				CLANG_WARN_EMPTY_BODY = YES;
				CLANG_WARN_ENUM_CONVERSION = YES;
				CLANG_WARN_INFINITE_RECURSION = YES;
				CLANG_WARN_INT_CONVERSION = YES;
				CLANG_WARN_NON_LITERAL_NULL_CONVERSION = YES;
				CLANG_WARN_OBJC_IMPLICIT_RETAIN_SELF = YES;
				CLANG_WARN_OBJC_LITERAL_CONVERSION = YES;
				CLANG_WARN_OBJC_ROOT_CLASS = YES_ERROR;
				CLANG_WARN_QUOTED_INCLUDE_IN_FRAMEWORK_HEADER = YES;
				CLANG_WARN_RANGE_LOOP_ANALYSIS = YES;
				CLANG_WARN_STRICT_PROTOTYPES = YES;
				CLANG_WARN_SUSPICIOUS_MOVE = YES;
				CLANG_WARN_UNGUARDED_AVAILABILITY = YES_AGGRESSIVE;
				CLANG_WARN_UNREACHABLE_CODE = YES;
				CLANG_WARN__DUPLICATE_METHOD_MATCH = YES;
				COPY_PHASE_STRIP = NO;
				DEBUG_INFORMATION_FORMAT = dwarf;
				ENABLE_STRICT_OBJC_MSGSEND = YES;
				ENABLE_TESTABILITY = YES;
				GCC_C_LANGUAGE_STANDARD = gnu11;
				GCC_DYNAMIC_NO_PIC = NO;
				GCC_NO_COMMON_BLOCKS = YES;
				GCC_OPTIMIZATION_LEVEL = 0;
				GCC_PREPROCESSOR_DEFINITIONS = (
					"DEBUG=1",
					"$(inherited)",
				);
				GCC_WARN_64_TO_32_BIT_CONVERSION = YES;
				GCC_WARN_ABOUT_RETURN_TYPE = YES_ERROR;
				GCC_WARN_UNDECLARED_SELECTOR = YES;
				GCC_WARN_UNINITIALIZED_AUTOS = YES_AGGRESSIVE;
				GCC_WARN_UNUSED_FUNCTION = YES;
				GCC_WARN_UNUSED_VARIABLE = YES;
				IPHONEOS_DEPLOYMENT_TARGET = 15.2;
				MTL_ENABLE_DEBUG_INFO = INCLUDE_SOURCE;
				MTL_FAST_MATH = YES;
				ONLY_ACTIVE_ARCH = YES;
				SDKROOT = iphoneos;
				SWIFT_ACTIVE_COMPILATION_CONDITIONS = DEBUG;
				SWIFT_OPTIMIZATION_LEVEL = "-Onone";
			};
			name = Debug;
		};
		5EE75F0127CA65820061B3F4 /* Release */ = {
			isa = XCBuildConfiguration;
			buildSettings = {
				ALWAYS_SEARCH_USER_PATHS = NO;
				CLANG_ANALYZER_NONNULL = YES;
				CLANG_ANALYZER_NUMBER_OBJECT_CONVERSION = YES_AGGRESSIVE;
				CLANG_CXX_LANGUAGE_STANDARD = "gnu++17";
				CLANG_CXX_LIBRARY = "libc++";
				CLANG_ENABLE_MODULES = YES;
				CLANG_ENABLE_OBJC_ARC = YES;
				CLANG_ENABLE_OBJC_WEAK = YES;
				CLANG_WARN_BLOCK_CAPTURE_AUTORELEASING = YES;
				CLANG_WARN_BOOL_CONVERSION = YES;
				CLANG_WARN_COMMA = YES;
				CLANG_WARN_CONSTANT_CONVERSION = YES;
				CLANG_WARN_DEPRECATED_OBJC_IMPLEMENTATIONS = YES;
				CLANG_WARN_DIRECT_OBJC_ISA_USAGE = YES_ERROR;
				CLANG_WARN_DOCUMENTATION_COMMENTS = YES;
				CLANG_WARN_EMPTY_BODY = YES;
				CLANG_WARN_ENUM_CONVERSION = YES;
				CLANG_WARN_INFINITE_RECURSION = YES;
				CLANG_WARN_INT_CONVERSION = YES;
				CLANG_WARN_NON_LITERAL_NULL_CONVERSION = YES;
				CLANG_WARN_OBJC_IMPLICIT_RETAIN_SELF = YES;
				CLANG_WARN_OBJC_LITERAL_CONVERSION = YES;
				CLANG_WARN_OBJC_ROOT_CLASS = YES_ERROR;
				CLANG_WARN_QUOTED_INCLUDE_IN_FRAMEWORK_HEADER = YES;
				CLANG_WARN_RANGE_LOOP_ANALYSIS = YES;
				CLANG_WARN_STRICT_PROTOTYPES = YES;
				CLANG_WARN_SUSPICIOUS_MOVE = YES;
				CLANG_WARN_UNGUARDED_AVAILABILITY = YES_AGGRESSIVE;
				CLANG_WARN_UNREACHABLE_CODE = YES;
				CLANG_WARN__DUPLICATE_METHOD_MATCH = YES;
				COPY_PHASE_STRIP = NO;
				DEBUG_INFORMATION_FORMAT = "dwarf-with-dsym";
				ENABLE_NS_ASSERTIONS = NO;
				ENABLE_STRICT_OBJC_MSGSEND = YES;
				GCC_C_LANGUAGE_STANDARD = gnu11;
				GCC_NO_COMMON_BLOCKS = YES;
				GCC_WARN_64_TO_32_BIT_CONVERSION = YES;
				GCC_WARN_ABOUT_RETURN_TYPE = YES_ERROR;
				GCC_WARN_UNDECLARED_SELECTOR = YES;
				GCC_WARN_UNINITIALIZED_AUTOS = YES_AGGRESSIVE;
				GCC_WARN_UNUSED_FUNCTION = YES;
				GCC_WARN_UNUSED_VARIABLE = YES;
				IPHONEOS_DEPLOYMENT_TARGET = 15.2;
				MTL_ENABLE_DEBUG_INFO = NO;
				MTL_FAST_MATH = YES;
				SDKROOT = iphoneos;
				SWIFT_COMPILATION_MODE = wholemodule;
				SWIFT_OPTIMIZATION_LEVEL = "-O";
				VALIDATE_PRODUCT = YES;
			};
			name = Release;
		};
		5EE75F0327CA65820061B3F4 /* Debug */ = {
			isa = XCBuildConfiguration;
			buildSettings = {
				ASSETCATALOG_COMPILER_APPICON_NAME = AppIcon;
				ASSETCATALOG_COMPILER_GLOBAL_ACCENT_COLOR_NAME = AccentColor;
				CODE_SIGN_STYLE = Automatic;
				CURRENT_PROJECT_VERSION = 1;
				DEVELOPMENT_TEAM = DZNJWTP82Q;
				GENERATE_INFOPLIST_FILE = YES;
				INFOPLIST_FILE = "Type of-Person/Info.plist";
				INFOPLIST_KEY_UIApplicationSupportsIndirectInputEvents = YES;
				INFOPLIST_KEY_UILaunchStoryboardName = LaunchScreen;
				INFOPLIST_KEY_UIMainStoryboardFile = Main;
				INFOPLIST_KEY_UISupportedInterfaceOrientations_iPad = "UIInterfaceOrientationPortrait UIInterfaceOrientationPortraitUpsideDown UIInterfaceOrientationLandscapeLeft UIInterfaceOrientationLandscapeRight";
				INFOPLIST_KEY_UISupportedInterfaceOrientations_iPhone = "UIInterfaceOrientationPortrait UIInterfaceOrientationLandscapeLeft UIInterfaceOrientationLandscapeRight";
				LD_RUNPATH_SEARCH_PATHS = (
					"$(inherited)",
					"@executable_path/Frameworks",
				);
				MARKETING_VERSION = 1.0;
				PRODUCT_BUNDLE_IDENTIFIER = "Javeria.Type-of-Person";
				PRODUCT_NAME = "$(TARGET_NAME)";
				SWIFT_EMIT_LOC_STRINGS = YES;
				SWIFT_VERSION = 5.0;
				TARGETED_DEVICE_FAMILY = "1,2";
			};
			name = Debug;
		};
		5EE75F0427CA65820061B3F4 /* Release */ = {
			isa = XCBuildConfiguration;
			buildSettings = {
				ASSETCATALOG_COMPILER_APPICON_NAME = AppIcon;
				ASSETCATALOG_COMPILER_GLOBAL_ACCENT_COLOR_NAME = AccentColor;
				CODE_SIGN_STYLE = Automatic;
				CURRENT_PROJECT_VERSION = 1;
				DEVELOPMENT_TEAM = DZNJWTP82Q;
				GENERATE_INFOPLIST_FILE = YES;
				INFOPLIST_FILE = "Type of-Person/Info.plist";
				INFOPLIST_KEY_UIApplicationSupportsIndirectInputEvents = YES;
				INFOPLIST_KEY_UILaunchStoryboardName = LaunchScreen;
				INFOPLIST_KEY_UIMainStoryboardFile = Main;
				INFOPLIST_KEY_UISupportedInterfaceOrientations_iPad = "UIInterfaceOrientationPortrait UIInterfaceOrientationPortraitUpsideDown UIInterfaceOrientationLandscapeLeft UIInterfaceOrientationLandscapeRight";
				INFOPLIST_KEY_UISupportedInterfaceOrientations_iPhone = "UIInterfaceOrientationPortrait UIInterfaceOrientationLandscapeLeft UIInterfaceOrientationLandscapeRight";
				LD_RUNPATH_SEARCH_PATHS = (
					"$(inherited)",
					"@executable_path/Frameworks",
				);
				MARKETING_VERSION = 1.0;
				PRODUCT_BUNDLE_IDENTIFIER = "Javeria.Type-of-Person";
				PRODUCT_NAME = "$(TARGET_NAME)";
				SWIFT_EMIT_LOC_STRINGS = YES;
				SWIFT_VERSION = 5.0;
				TARGETED_DEVICE_FAMILY = "1,2";
			};
			name = Release;
		};
/* End XCBuildConfiguration section */

/* Begin XCConfigurationList section */
		5EE75EE927CA657E0061B3F4 /* Build configuration list for PBXProject "Type of-Person" */ = {
			isa = XCConfigurationList;
			buildConfigurations = (
				5EE75F0027CA65820061B3F4 /* Debug */,
				5EE75F0127CA65820061B3F4 /* Release */,
			);
			defaultConfigurationIsVisible = 0;
			defaultConfigurationName = Release;
		};
		5EE75F0227CA65820061B3F4 /* Build configuration list for PBXNativeTarget "Type of-Person" */ = {
			isa = XCConfigurationList;
			buildConfigurations = (
				5EE75F0327CA65820061B3F4 /* Debug */,
				5EE75F0427CA65820061B3F4 /* Release */,
			);
			defaultConfigurationIsVisible = 0;
			defaultConfigurationName = Release;
		};
/* End XCConfigurationList section */
	};
	rootObject = 5EE75EE627CA657E0061B3F4 /* Project object */;
}
