// !$*UTF8*$!
{
	archiveVersion = 1;
	classes = {
	};
	objectVersion = 55;
	objects = {

/* Begin PBXBuildFile section */
		5E682DF927AC545100CCB7FB /* AppDelegate.swift in Sources */ = {isa = PBXBuildFile; fileRef = 5E682DF827AC545100CCB7FB /* AppDelegate.swift */; };
		5E682DFB27AC545100CCB7FB /* SceneDelegate.swift in Sources */ = {isa = PBXBuildFile; fileRef = 5E682DFA27AC545100CCB7FB /* SceneDelegate.swift */; };
		5E682DFD27AC545100CCB7FB /* MainViewController.swift in Sources */ = {isa = PBXBuildFile; fileRef = 5E682DFC27AC545100CCB7FB /* MainViewController.swift */; };
		5E682E0027AC545100CCB7FB /* Main.storyboard in Resources */ = {isa = PBXBuildFile; fileRef = 5E682DFE27AC545100CCB7FB /* Main.storyboard */; };
		5E682E0227AC545200CCB7FB /* Assets.xcassets in Resources */ = {isa = PBXBuildFile; fileRef = 5E682E0127AC545200CCB7FB /* Assets.xcassets */; };
		5E682E0527AC545200CCB7FB /* LaunchScreen.storyboard in Resources */ = {isa = PBXBuildFile; fileRef = 5E682E0327AC545200CCB7FB /* LaunchScreen.storyboard */; };
		5E682E0D27AC580100CCB7FB /* AlarmViewController.swift in Sources */ = {isa = PBXBuildFile; fileRef = 5E682E0C27AC580100CCB7FB /* AlarmViewController.swift */; };
		5E682E0F27AC589F00CCB7FB /* BackUp.swift in Sources */ = {isa = PBXBuildFile; fileRef = 5E682E0E27AC589F00CCB7FB /* BackUp.swift */; };
/* End PBXBuildFile section */

/* Begin PBXFileReference section */
		5E682DF527AC545100CCB7FB /* Alram App Javeria.app */ = {isa = PBXFileReference; explicitFileType = wrapper.application; includeInIndex = 0; path = "Alram App Javeria.app"; sourceTree = BUILT_PRODUCTS_DIR; };
		5E682DF827AC545100CCB7FB /* AppDelegate.swift */ = {isa = PBXFileReference; lastKnownFileType = sourcecode.swift; path = AppDelegate.swift; sourceTree = "<group>"; };
		5E682DFA27AC545100CCB7FB /* SceneDelegate.swift */ = {isa = PBXFileReference; lastKnownFileType = sourcecode.swift; path = SceneDelegate.swift; sourceTree = "<group>"; };
		5E682DFC27AC545100CCB7FB /* MainViewController.swift */ = {isa = PBXFileReference; lastKnownFileType = sourcecode.swift; path = MainViewController.swift; sourceTree = "<group>"; };
		5E682DFF27AC545100CCB7FB /* Base */ = {isa = PBXFileReference; lastKnownFileType = file.storyboard; name = Base; path = Base.lproj/Main.storyboard; sourceTree = "<group>"; };
		5E682E0127AC545200CCB7FB /* Assets.xcassets */ = {isa = PBXFileReference; lastKnownFileType = folder.assetcatalog; path = Assets.xcassets; sourceTree = "<group>"; };
		5E682E0427AC545200CCB7FB /* Base */ = {isa = PBXFileReference; lastKnownFileType = file.storyboard; name = Base; path = Base.lproj/LaunchScreen.storyboard; sourceTree = "<group>"; };
		5E682E0627AC545200CCB7FB /* Info.plist */ = {isa = PBXFileReference; lastKnownFileType = text.plist.xml; path = Info.plist; sourceTree = "<group>"; };
		5E682E0C27AC580100CCB7FB /* AlarmViewController.swift */ = {isa = PBXFileReference; lastKnownFileType = sourcecode.swift; path = AlarmViewController.swift; sourceTree = "<group>"; };
		5E682E0E27AC589F00CCB7FB /* BackUp.swift */ = {isa = PBXFileReference; lastKnownFileType = sourcecode.swift; path = BackUp.swift; sourceTree = "<group>"; };
/* End PBXFileReference section */

/* Begin PBXFrameworksBuildPhase section */
		5E682DF227AC545100CCB7FB /* Frameworks */ = {
			isa = PBXFrameworksBuildPhase;
			buildActionMask = 2147483647;
			files = (
			);
			runOnlyForDeploymentPostprocessing = 0;
		};
/* End PBXFrameworksBuildPhase section */

/* Begin PBXGroup section */
		5E682DEC27AC545100CCB7FB = {
			isa = PBXGroup;
			children = (
				5E682DF727AC545100CCB7FB /* Alram App Javeria */,
				5E682DF627AC545100CCB7FB /* Products */,
			);
			sourceTree = "<group>";
		};
		5E682DF627AC545100CCB7FB /* Products */ = {
			isa = PBXGroup;
			children = (
				5E682DF527AC545100CCB7FB /* Alram App Javeria.app */,
			);
			name = Products;
			sourceTree = "<group>";
		};
		5E682DF727AC545100CCB7FB /* Alram App Javeria */ = {
			isa = PBXGroup;
			children = (
				5E682DF827AC545100CCB7FB /* AppDelegate.swift */,
				5E682DFA27AC545100CCB7FB /* SceneDelegate.swift */,
				5E682DFC27AC545100CCB7FB /* MainViewController.swift */,
				5E682E0E27AC589F00CCB7FB /* BackUp.swift */,
				5E682DFE27AC545100CCB7FB /* Main.storyboard */,
				5E682E0127AC545200CCB7FB /* Assets.xcassets */,
				5E682E0327AC545200CCB7FB /* LaunchScreen.storyboard */,
				5E682E0627AC545200CCB7FB /* Info.plist */,
				5E682E0C27AC580100CCB7FB /* AlarmViewController.swift */,
			);
			path = "Alram App Javeria";
			sourceTree = "<group>";
		};
/* End PBXGroup section */

/* Begin PBXNativeTarget section */
		5E682DF427AC545100CCB7FB /* Alram App Javeria */ = {
			isa = PBXNativeTarget;
			buildConfigurationList = 5E682E0927AC545200CCB7FB /* Build configuration list for PBXNativeTarget "Alram App Javeria" */;
			buildPhases = (
				5E682DF127AC545100CCB7FB /* Sources */,
				5E682DF227AC545100CCB7FB /* Frameworks */,
				5E682DF327AC545100CCB7FB /* Resources */,
			);
			buildRules = (
			);
			dependencies = (
			);
			name = "Alram App Javeria";
			productName = "Alram App Javeria";
			productReference = 5E682DF527AC545100CCB7FB /* Alram App Javeria.app */;
			productType = "com.apple.product-type.application";
		};
/* End PBXNativeTarget section */

/* Begin PBXProject section */
		5E682DED27AC545100CCB7FB /* Project object */ = {
			isa = PBXProject;
			attributes = {
				BuildIndependentTargetsInParallel = 1;
				LastSwiftUpdateCheck = 1320;
				LastUpgradeCheck = 1320;
				TargetAttributes = {
					5E682DF427AC545100CCB7FB = {
						CreatedOnToolsVersion = 13.2.1;
					};
				};
			};
			buildConfigurationList = 5E682DF027AC545100CCB7FB /* Build configuration list for PBXProject "Alram App Javeria" */;
			compatibilityVersion = "Xcode 13.0";
			developmentRegion = en;
			hasScannedForEncodings = 0;
			knownRegions = (
				en,
				Base,
			);
			mainGroup = 5E682DEC27AC545100CCB7FB;
			productRefGroup = 5E682DF627AC545100CCB7FB /* Products */;
			projectDirPath = "";
			projectRoot = "";
			targets = (
				5E682DF427AC545100CCB7FB /* Alram App Javeria */,
			);
		};
/* End PBXProject section */

/* Begin PBXResourcesBuildPhase section */
		5E682DF327AC545100CCB7FB /* Resources */ = {
			isa = PBXResourcesBuildPhase;
			buildActionMask = 2147483647;
			files = (
				5E682E0527AC545200CCB7FB /* LaunchScreen.storyboard in Resources */,
				5E682E0227AC545200CCB7FB /* Assets.xcassets in Resources */,
				5E682E0027AC545100CCB7FB /* Main.storyboard in Resources */,
			);
			runOnlyForDeploymentPostprocessing = 0;
		};
/* End PBXResourcesBuildPhase section */

/* Begin PBXSourcesBuildPhase section */
		5E682DF127AC545100CCB7FB /* Sources */ = {
			isa = PBXSourcesBuildPhase;
			buildActionMask = 2147483647;
			files = (
				5E682E0F27AC589F00CCB7FB /* BackUp.swift in Sources */,
				5E682E0D27AC580100CCB7FB /* AlarmViewController.swift in Sources */,
				5E682DFD27AC545100CCB7FB /* MainViewController.swift in Sources */,
				5E682DF927AC545100CCB7FB /* AppDelegate.swift in Sources */,
				5E682DFB27AC545100CCB7FB /* SceneDelegate.swift in Sources */,
			);
			runOnlyForDeploymentPostprocessing = 0;
		};
/* End PBXSourcesBuildPhase section */

/* Begin PBXVariantGroup section */
		5E682DFE27AC545100CCB7FB /* Main.storyboard */ = {
			isa = PBXVariantGroup;
			children = (
				5E682DFF27AC545100CCB7FB /* Base */,
			);
			name = Main.storyboard;
			sourceTree = "<group>";
		};
		5E682E0327AC545200CCB7FB /* LaunchScreen.storyboard */ = {
			isa = PBXVariantGroup;
			children = (
				5E682E0427AC545200CCB7FB /* Base */,
			);
			name = LaunchScreen.storyboard;
			sourceTree = "<group>";
		};
/* End PBXVariantGroup section */

/* Begin XCBuildConfiguration section */
		5E682E0727AC545200CCB7FB /* Debug */ = {
			isa = XCBuildConfiguration;
			buildSettings = {
				ALWAYS_SEARCH_USER_PATHS = NO;
				CLANG_ANALYZER_NONNULL = YES;
				CLANG_ANALYZER_NUMBER_OBJECT_CONVERSION = YES_AGGRESSIVE;
				CLANG_CXX_LANGUAGE_STANDARD = "gnu++17";
				CLANG_CXX_LIBRARY = "libc++";
				CLANG_ENABLE_MODULES = YES;
				CLANG_ENABLE_OBJC_ARC = YES;
				CLANG_ENABLE_OBJC_WEAK = YES;
				CLANG_WARN_BLOCK_CAPTURE_AUTORELEASING = YES;
				CLANG_WARN_BOOL_CONVERSION = YES;
				CLANG_WARN_COMMA = YES;
				CLANG_WARN_CONSTANT_CONVERSION = YES;
				CLANG_WARN_DEPRECATED_OBJC_IMPLEMENTATIONS = YES;
				CLANG_WARN_DIRECT_OBJC_ISA_USAGE = YES_ERROR;
				CLANG_WARN_DOCUMENTATION_COMMENTS = YES;
				CLANG_WARN_EMPTY_BODY = YES;
				CLANG_WARN_ENUM_CONVERSION = YES;
				CLANG_WARN_INFINITE_RECURSION = YES;
				CLANG_WARN_INT_CONVERSION = YES;
				CLANG_WARN_NON_LITERAL_NULL_CONVERSION = YES;
				CLANG_WARN_OBJC_IMPLICIT_RETAIN_SELF = YES;
				CLANG_WARN_OBJC_LITERAL_CONVERSION = YES;
				CLANG_WARN_OBJC_ROOT_CLASS = YES_ERROR;
				CLANG_WARN_QUOTED_INCLUDE_IN_FRAMEWORK_HEADER = YES;
				CLANG_WARN_RANGE_LOOP_ANALYSIS = YES;
				CLANG_WARN_STRICT_PROTOTYPES = YES;
				CLANG_WARN_SUSPICIOUS_MOVE = YES;
				CLANG_WARN_UNGUARDED_AVAILABILITY = YES_AGGRESSIVE;
				CLANG_WARN_UNREACHABLE_CODE = YES;
				CLANG_WARN__DUPLICATE_METHOD_MATCH = YES;
				COPY_PHASE_STRIP = NO;
				DEBUG_INFORMATION_FORMAT = dwarf;
				ENABLE_STRICT_OBJC_MSGSEND = YES;
				ENABLE_TESTABILITY = YES;
				GCC_C_LANGUAGE_STANDARD = gnu11;
				GCC_DYNAMIC_NO_PIC = NO;
				GCC_NO_COMMON_BLOCKS = YES;
				GCC_OPTIMIZATION_LEVEL = 0;
				GCC_PREPROCESSOR_DEFINITIONS = (
					"DEBUG=1",
					"$(inherited)",
				);
				GCC_WARN_64_TO_32_BIT_CONVERSION = YES;
				GCC_WARN_ABOUT_RETURN_TYPE = YES_ERROR;
				GCC_WARN_UNDECLARED_SELECTOR = YES;
				GCC_WARN_UNINITIALIZED_AUTOS = YES_AGGRESSIVE;
				GCC_WARN_UNUSED_FUNCTION = YES;
				GCC_WARN_UNUSED_VARIABLE = YES;
				IPHONEOS_DEPLOYMENT_TARGET = 15.2;
				MTL_ENABLE_DEBUG_INFO = INCLUDE_SOURCE;
				MTL_FAST_MATH = YES;
				ONLY_ACTIVE_ARCH = YES;
				SDKROOT = iphoneos;
				SWIFT_ACTIVE_COMPILATION_CONDITIONS = DEBUG;
				SWIFT_OPTIMIZATION_LEVEL = "-Onone";
			};
			name = Debug;
		};
		5E682E0827AC545200CCB7FB /* Release */ = {
			isa = XCBuildConfiguration;
			buildSettings = {
				ALWAYS_SEARCH_USER_PATHS = NO;
				CLANG_ANALYZER_NONNULL = YES;
				CLANG_ANALYZER_NUMBER_OBJECT_CONVERSION = YES_AGGRESSIVE;
				CLANG_CXX_LANGUAGE_STANDARD = "gnu++17";
				CLANG_CXX_LIBRARY = "libc++";
				CLANG_ENABLE_MODULES = YES;
				CLANG_ENABLE_OBJC_ARC = YES;
				CLANG_ENABLE_OBJC_WEAK = YES;
				CLANG_WARN_BLOCK_CAPTURE_AUTORELEASING = YES;
				CLANG_WARN_BOOL_CONVERSION = YES;
				CLANG_WARN_COMMA = YES;
				CLANG_WARN_CONSTANT_CONVERSION = YES;
				CLANG_WARN_DEPRECATED_OBJC_IMPLEMENTATIONS = YES;
				CLANG_WARN_DIRECT_OBJC_ISA_USAGE = YES_ERROR;
				CLANG_WARN_DOCUMENTATION_COMMENTS = YES;
				CLANG_WARN_EMPTY_BODY = YES;
				CLANG_WARN_ENUM_CONVERSION = YES;
				CLANG_WARN_INFINITE_RECURSION = YES;
				CLANG_WARN_INT_CONVERSION = YES;
				CLANG_WARN_NON_LITERAL_NULL_CONVERSION = YES;
				CLANG_WARN_OBJC_IMPLICIT_RETAIN_SELF = YES;
				CLANG_WARN_OBJC_LITERAL_CONVERSION = YES;
				CLANG_WARN_OBJC_ROOT_CLASS = YES_ERROR;
				CLANG_WARN_QUOTED_INCLUDE_IN_FRAMEWORK_HEADER = YES;
				CLANG_WARN_RANGE_LOOP_ANALYSIS = YES;
				CLANG_WARN_STRICT_PROTOTYPES = YES;
				CLANG_WARN_SUSPICIOUS_MOVE = YES;
				CLANG_WARN_UNGUARDED_AVAILABILITY = YES_AGGRESSIVE;
				CLANG_WARN_UNREACHABLE_CODE = YES;
				CLANG_WARN__DUPLICATE_METHOD_MATCH = YES;
				COPY_PHASE_STRIP = NO;
				DEBUG_INFORMATION_FORMAT = "dwarf-with-dsym";
				ENABLE_NS_ASSERTIONS = NO;
				ENABLE_STRICT_OBJC_MSGSEND = YES;
				GCC_C_LANGUAGE_STANDARD = gnu11;
				GCC_NO_COMMON_BLOCKS = YES;
				GCC_WARN_64_TO_32_BIT_CONVERSION = YES;
				GCC_WARN_ABOUT_RETURN_TYPE = YES_ERROR;
				GCC_WARN_UNDECLARED_SELECTOR = YES;
				GCC_WARN_UNINITIALIZED_AUTOS = YES_AGGRESSIVE;
				GCC_WARN_UNUSED_FUNCTION = YES;
				GCC_WARN_UNUSED_VARIABLE = YES;
				IPHONEOS_DEPLOYMENT_TARGET = 15.2;
				MTL_ENABLE_DEBUG_INFO = NO;
				MTL_FAST_MATH = YES;
				SDKROOT = iphoneos;
				SWIFT_COMPILATION_MODE = wholemodule;
				SWIFT_OPTIMIZATION_LEVEL = "-O";
				VALIDATE_PRODUCT = YES;
			};
			name = Release;
		};
		5E682E0A27AC545200CCB7FB /* Debug */ = {
			isa = XCBuildConfiguration;
			buildSettings = {
				ASSETCATALOG_COMPILER_APPICON_NAME = AppIcon;
				ASSETCATALOG_COMPILER_GLOBAL_ACCENT_COLOR_NAME = AccentColor;
				CODE_SIGN_STYLE = Automatic;
				CURRENT_PROJECT_VERSION = 1;
				DEVELOPMENT_TEAM = DZNJWTP82Q;
				GENERATE_INFOPLIST_FILE = YES;
				INFOPLIST_FILE = "Alram App Javeria/Info.plist";
				INFOPLIST_KEY_UIApplicationSupportsIndirectInputEvents = YES;
				INFOPLIST_KEY_UILaunchStoryboardName = LaunchScreen;
				INFOPLIST_KEY_UIMainStoryboardFile = Main;
				INFOPLIST_KEY_UISupportedInterfaceOrientations_iPad = "UIInterfaceOrientationPortrait UIInterfaceOrientationPortraitUpsideDown UIInterfaceOrientationLandscapeLeft UIInterfaceOrientationLandscapeRight";
				INFOPLIST_KEY_UISupportedInterfaceOrientations_iPhone = "UIInterfaceOrientationPortrait UIInterfaceOrientationLandscapeLeft UIInterfaceOrientationLandscapeRight";
				LD_RUNPATH_SEARCH_PATHS = (
					"$(inherited)",
					"@executable_path/Frameworks",
				);
				MARKETING_VERSION = 1.0;
				PRODUCT_BUNDLE_IDENTIFIER = "Javeria.Alram-App-Javeria";
				PRODUCT_NAME = "$(TARGET_NAME)";
				SWIFT_EMIT_LOC_STRINGS = YES;
				SWIFT_VERSION = 5.0;
				TARGETED_DEVICE_FAMILY = "1,2";
			};
			name = Debug;
		};
		5E682E0B27AC545200CCB7FB /* Release */ = {
			isa = XCBuildConfiguration;
			buildSettings = {
				ASSETCATALOG_COMPILER_APPICON_NAME = AppIcon;
				ASSETCATALOG_COMPILER_GLOBAL_ACCENT_COLOR_NAME = AccentColor;
				CODE_SIGN_STYLE = Automatic;
				CURRENT_PROJECT_VERSION = 1;
				DEVELOPMENT_TEAM = DZNJWTP82Q;
				GENERATE_INFOPLIST_FILE = YES;
				INFOPLIST_FILE = "Alram App Javeria/Info.plist";
				INFOPLIST_KEY_UIApplicationSupportsIndirectInputEvents = YES;
				INFOPLIST_KEY_UILaunchStoryboardName = LaunchScreen;
				INFOPLIST_KEY_UIMainStoryboardFile = Main;
				INFOPLIST_KEY_UISupportedInterfaceOrientations_iPad = "UIInterfaceOrientationPortrait UIInterfaceOrientationPortraitUpsideDown UIInterfaceOrientationLandscapeLeft UIInterfaceOrientationLandscapeRight";
				INFOPLIST_KEY_UISupportedInterfaceOrientations_iPhone = "UIInterfaceOrientationPortrait UIInterfaceOrientationLandscapeLeft UIInterfaceOrientationLandscapeRight";
				LD_RUNPATH_SEARCH_PATHS = (
					"$(inherited)",
					"@executable_path/Frameworks",
				);
				MARKETING_VERSION = 1.0;
				PRODUCT_BUNDLE_IDENTIFIER = "Javeria.Alram-App-Javeria";
				PRODUCT_NAME = "$(TARGET_NAME)";
				SWIFT_EMIT_LOC_STRINGS = YES;
				SWIFT_VERSION = 5.0;
				TARGETED_DEVICE_FAMILY = "1,2";
			};
			name = Release;
		};
/* End XCBuildConfiguration section */

/* Begin XCConfigurationList section */
		5E682DF027AC545100CCB7FB /* Build configuration list for PBXProject "Alram App Javeria" */ = {
			isa = XCConfigurationList;
			buildConfigurations = (
				5E682E0727AC545200CCB7FB /* Debug */,
				5E682E0827AC545200CCB7FB /* Release */,
			);
			defaultConfigurationIsVisible = 0;
			defaultConfigurationName = Release;
		};
		5E682E0927AC545200CCB7FB /* Build configuration list for PBXNativeTarget "Alram App Javeria" */ = {
			isa = XCConfigurationList;
			buildConfigurations = (
				5E682E0A27AC545200CCB7FB /* Debug */,
				5E682E0B27AC545200CCB7FB /* Release */,
			);
			defaultConfigurationIsVisible = 0;
			defaultConfigurationName = Release;
		};
/* End XCConfigurationList section */
	};
	rootObject = 5E682DED27AC545100CCB7FB /* Project object */;
}
